
Microsoft Visual Studio Solution File, Format Version 12.00
# Visual Studio Version 17
VisualStudioVersion = 17.5.33530.505
MinimumVisualStudioVersion = 10.0.40219.1
Project("{9A19103F-16F7-4668-BE54-9A1E7A4F7556}") = "AndreTurismAPP", "AndreTurismAPP\AndreTurismAPP.csproj", "{6239EF80-8AE1-42AB-A4EB-A424CAA540F6}"
EndProject
Project("{9A19103F-16F7-4668-BE54-9A1E7A4F7556}") = "AndreTurismAPP.AddressServices", "AndreTurismAPP.AddressServices\AndreTurismAPP.AddressServices.csproj", "{C7E5D1A1-AC1D-4AA6-8BA0-DCE13B55A2FC}"
EndProject
Project("{9A19103F-16F7-4668-BE54-9A1E7A4F7556}") = "AndreTurismAPP.CustomerServices", "AndreTurismAPP.CustomerServices\AndreTurismAPP.CustomerServices.csproj", "{C455CEE8-AD6B-4445-9250-7DAC75ABB658}"
EndProject
Project("{9A19103F-16F7-4668-BE54-9A1E7A4F7556}") = "Models", "Models\Models.csproj", "{5F0A5B82-CAE6-4B02-A5AB-D281A6803E9B}"
EndProject
Project("{9A19103F-16F7-4668-BE54-9A1E7A4F7556}") = "AndreTurismAPP.Test", "AndreTurismAPP.Test\AndreTurismAPP.Test.csproj", "{3AF47287-CE51-4802-9555-DFDACB21C070}"
EndProject
Project("{9A19103F-16F7-4668-BE54-9A1E7A4F7556}") = "AndreTurismAPP.PackageServices", "AndreTurismAPP.PackageServices\AndreTurismAPP.PackageServices.csproj", "{9827A1FA-256C-451A-BCC7-747D23BC730A}"
EndProject
Project("{9A19103F-16F7-4668-BE54-9A1E7A4F7556}") = "AndreTurismAPP.HotelServices", "AndreTurismAPP.HotelServices\AndreTurismAPP.HotelServices.csproj", "{DB42D6F7-BA77-4805-8665-54E381F5C1E4}"
EndProject
Project("{9A19103F-16F7-4668-BE54-9A1E7A4F7556}") = "AndreTurismAPP.TicketServices", "AndreTurismAPP.TicketServices\AndreTurismAPP.TicketServices.csproj", "{4D92257B-2400-440D-9F8C-71227311C08F}"
EndProject
Project("{FAE04EC0-301F-11D3-BF4B-00C04F79EFBC}") = "Consumer", "Consumer\Consumer.csproj", "{77C1C88E-5F6A-41AC-A9A0-A07B2AC06F7E}"
EndProject
Project("{FAE04EC0-301F-11D3-BF4B-00C04F79EFBC}") = "DBManipulation", "DBManipulation\DBManipulation.csproj", "{F15C270E-0DCA-40B9-BE1E-BCF6C1ABBFE8}"
EndProject
Global
	GlobalSection(SolutionConfigurationPlatforms) = preSolution
		Debug|Any CPU = Debug|Any CPU
		Release|Any CPU = Release|Any CPU
	EndGlobalSection
	GlobalSection(ProjectConfigurationPlatforms) = postSolution
		{6239EF80-8AE1-42AB-A4EB-A424CAA540F6}.Debug|Any CPU.ActiveCfg = Debug|Any CPU
		{6239EF80-8AE1-42AB-A4EB-A424CAA540F6}.Debug|Any CPU.Build.0 = Debug|Any CPU
		{6239EF80-8AE1-42AB-A4EB-A424CAA540F6}.Release|Any CPU.ActiveCfg = Release|Any CPU
		{6239EF80-8AE1-42AB-A4EB-A424CAA540F6}.Release|Any CPU.Build.0 = Release|Any CPU
		{C7E5D1A1-AC1D-4AA6-8BA0-DCE13B55A2FC}.Debug|Any CPU.ActiveCfg = Debug|Any CPU
		{C7E5D1A1-AC1D-4AA6-8BA0-DCE13B55A2FC}.Debug|Any CPU.Build.0 = Debug|Any CPU
		{C7E5D1A1-AC1D-4AA6-8BA0-DCE13B55A2FC}.Release|Any CPU.ActiveCfg = Release|Any CPU
		{C7E5D1A1-AC1D-4AA6-8BA0-DCE13B55A2FC}.Release|Any CPU.Build.0 = Release|Any CPU
		{C455CEE8-AD6B-4445-9250-7DAC75ABB658}.Debug|Any CPU.ActiveCfg = Debug|Any CPU
		{C455CEE8-AD6B-4445-9250-7DAC75ABB658}.Debug|Any CPU.Build.0 = Debug|Any CPU
		{C455CEE8-AD6B-4445-9250-7DAC75ABB658}.Release|Any CPU.ActiveCfg = Release|Any CPU
		{C455CEE8-AD6B-4445-9250-7DAC75ABB658}.Release|Any CPU.Build.0 = Release|Any CPU
		{5F0A5B82-CAE6-4B02-A5AB-D281A6803E9B}.Debug|Any CPU.ActiveCfg = Debug|Any CPU
		{5F0A5B82-CAE6-4B02-A5AB-D281A6803E9B}.Debug|Any CPU.Build.0 = Debug|Any CPU
		{5F0A5B82-CAE6-4B02-A5AB-D281A6803E9B}.Release|Any CPU.ActiveCfg = Release|Any CPU
		{5F0A5B82-CAE6-4B02-A5AB-D281A6803E9B}.Release|Any CPU.Build.0 = Release|Any CPU
		{3AF47287-CE51-4802-9555-DFDACB21C070}.Debug|Any CPU.ActiveCfg = Debug|Any CPU
		{3AF47287-CE51-4802-9555-DFDACB21C070}.Debug|Any CPU.Build.0 = Debug|Any CPU
		{3AF47287-CE51-4802-9555-DFDACB21C070}.Release|Any CPU.ActiveCfg = Release|Any CPU
		{3AF47287-CE51-4802-9555-DFDACB21C070}.Release|Any CPU.Build.0 = Release|Any CPU
		{9827A1FA-256C-451A-BCC7-747D23BC730A}.Debug|Any CPU.ActiveCfg = Debug|Any CPU
		{9827A1FA-256C-451A-BCC7-747D23BC730A}.Debug|Any CPU.Build.0 = Debug|Any CPU
		{9827A1FA-256C-451A-BCC7-747D23BC730A}.Release|Any CPU.ActiveCfg = Release|Any CPU
		{9827A1FA-256C-451A-BCC7-747D23BC730A}.Release|Any CPU.Build.0 = Release|Any CPU
		{DB42D6F7-BA77-4805-8665-54E381F5C1E4}.Debug|Any CPU.ActiveCfg = Debug|Any CPU
		{DB42D6F7-BA77-4805-8665-54E381F5C1E4}.Debug|Any CPU.Build.0 = Debug|Any CPU
		{DB42D6F7-BA77-4805-8665-54E381F5C1E4}.Release|Any CPU.ActiveCfg = Release|Any CPU
		{DB42D6F7-BA77-4805-8665-54E381F5C1E4}.Release|Any CPU.Build.0 = Release|Any CPU
		{4D92257B-2400-440D-9F8C-71227311C08F}.Debug|Any CPU.ActiveCfg = Debug|Any CPU
		{4D92257B-2400-440D-9F8C-71227311C08F}.Debug|Any CPU.Build.0 = Debug|Any CPU
		{4D92257B-2400-440D-9F8C-71227311C08F}.Release|Any CPU.ActiveCfg = Release|Any CPU
		{4D92257B-2400-440D-9F8C-71227311C08F}.Release|Any CPU.Build.0 = Release|Any CPU
		{77C1C88E-5F6A-41AC-A9A0-A07B2AC06F7E}.Debug|Any CPU.ActiveCfg = Debug|Any CPU
		{77C1C88E-5F6A-41AC-A9A0-A07B2AC06F7E}.Debug|Any CPU.Build.0 = Debug|Any CPU
		{77C1C88E-5F6A-41AC-A9A0-A07B2AC06F7E}.Release|Any CPU.ActiveCfg = Release|Any CPU
		{77C1C88E-5F6A-41AC-A9A0-A07B2AC06F7E}.Release|Any CPU.Build.0 = Release|Any CPU
		{F15C270E-0DCA-40B9-BE1E-BCF6C1ABBFE8}.Debug|Any CPU.ActiveCfg = Debug|Any CPU
		{F15C270E-0DCA-40B9-BE1E-BCF6C1ABBFE8}.Debug|Any CPU.Build.0 = Debug|Any CPU
		{F15C270E-0DCA-40B9-BE1E-BCF6C1ABBFE8}.Release|Any CPU.ActiveCfg = Release|Any CPU
		{F15C270E-0DCA-40B9-BE1E-BCF6C1ABBFE8}.Release|Any CPU.Build.0 = Release|Any CPU
	EndGlobalSection
	GlobalSection(SolutionProperties) = preSolution
		HideSolutionNode = FALSE
	EndGlobalSection
	GlobalSection(ExtensibilityGlobals) = postSolution
		SolutionGuid = {742C3AE3-BB80-4C5A-8C63-16497C36FE5D}
	EndGlobalSection
EndGlobal
